
Microsoft Visual Studio Solution File, Format Version 12.00
# Visual Studio Version 16
VisualStudioVersion = 16.0.29318.209
MinimumVisualStudioVersion = 10.0.40219.1
Project("{2150E333-8FDC-42A3-9474-1A3956D46DE8}") = "src", "src", "{71A9938D-E809-41F3-A29F-B077FB1E3D78}"
EndProject
Project("{2150E333-8FDC-42A3-9474-1A3956D46DE8}") = "tests", "tests", "{5D4DCF1E-EC2A-4F74-B128-14866BECF6C9}"
EndProject
Project("{9A19103F-16F7-4668-BE54-9A1E7A4F7556}") = "EliteDangerousINARA", "src\EliteDangerousINARA\EliteDangerousINARA.csproj", "{F465F994-E376-446B-BAC0-5EE4D6725F85}"
EndProject
Project("{FAE04EC0-301F-11D3-BF4B-00C04F79EFBC}") = "EliteDangerousINARA.UnitTests", "tests\EliteDangerousINARA.UnitTests\EliteDangerousINARA.UnitTests.csproj", "{86AF1578-A415-4F7F-8BA2-D3AA5D814351}"
EndProject
Global
	GlobalSection(SolutionConfigurationPlatforms) = preSolution
		Debug|Any CPU = Debug|Any CPU
		Release|Any CPU = Release|Any CPU
	EndGlobalSection
	GlobalSection(ProjectConfigurationPlatforms) = postSolution
		{F465F994-E376-446B-BAC0-5EE4D6725F85}.Debug|Any CPU.ActiveCfg = Debug|Any CPU
		{F465F994-E376-446B-BAC0-5EE4D6725F85}.Debug|Any CPU.Build.0 = Debug|Any CPU
		{F465F994-E376-446B-BAC0-5EE4D6725F85}.Release|Any CPU.ActiveCfg = Release|Any CPU
		{F465F994-E376-446B-BAC0-5EE4D6725F85}.Release|Any CPU.Build.0 = Release|Any CPU
		{86AF1578-A415-4F7F-8BA2-D3AA5D814351}.Debug|Any CPU.ActiveCfg = Debug|Any CPU
		{86AF1578-A415-4F7F-8BA2-D3AA5D814351}.Debug|Any CPU.Build.0 = Debug|Any CPU
		{86AF1578-A415-4F7F-8BA2-D3AA5D814351}.Release|Any CPU.ActiveCfg = Release|Any CPU
		{86AF1578-A415-4F7F-8BA2-D3AA5D814351}.Release|Any CPU.Build.0 = Release|Any CPU
	EndGlobalSection
	GlobalSection(SolutionProperties) = preSolution
		HideSolutionNode = FALSE
	EndGlobalSection
	GlobalSection(NestedProjects) = preSolution
		{F465F994-E376-446B-BAC0-5EE4D6725F85} = {71A9938D-E809-41F3-A29F-B077FB1E3D78}
		{86AF1578-A415-4F7F-8BA2-D3AA5D814351} = {5D4DCF1E-EC2A-4F74-B128-14866BECF6C9}
	EndGlobalSection
	GlobalSection(ExtensibilityGlobals) = postSolution
		SolutionGuid = {1B3273CE-3479-4FC4-9F5F-0FEFD4824A5F}
	EndGlobalSection
EndGlobal
